// !$*UTF8*$!
{
	archiveVersion = 1;
	classes = {
	};
	objectVersion = 46;
	objects = {

/* Begin PBXBuildFile section */
		354999461522367B0050FD53 /* UIKit.framework in Frameworks */ = {isa = PBXBuildFile; fileRef = 354999451522367B0050FD53 /* UIKit.framework */; };
		354999481522367B0050FD53 /* Foundation.framework in Frameworks */ = {isa = PBXBuildFile; fileRef = 354999471522367B0050FD53 /* Foundation.framework */; };
		3549994A1522367B0050FD53 /* CoreGraphics.framework in Frameworks */ = {isa = PBXBuildFile; fileRef = 354999491522367B0050FD53 /* CoreGraphics.framework */; };
		354999501522367B0050FD53 /* InfoPlist.strings in Resources */ = {isa = PBXBuildFile; fileRef = 3549994E1522367B0050FD53 /* InfoPlist.strings */; };
		354999521522367B0050FD53 /* main.m in Sources */ = {isa = PBXBuildFile; fileRef = 354999511522367B0050FD53 /* main.m */; };
		354999561522367B0050FD53 /* ILAppDelegate.m in Sources */ = {isa = PBXBuildFile; fileRef = 354999551522367B0050FD53 /* ILAppDelegate.m */; };
		35499963152237480050FD53 /* CustomViewController.m in Sources */ = {isa = PBXBuildFile; fileRef = 35499961152237480050FD53 /* CustomViewController.m */; };
		35499964152237480050FD53 /* CustomViewController.xib in Resources */ = {isa = PBXBuildFile; fileRef = 35499962152237480050FD53 /* CustomViewController.xib */; };
		3549997715223B4D0050FD53 /* camera_button_take.png in Resources */ = {isa = PBXBuildFile; fileRef = 3549996B15223B4D0050FD53 /* camera_button_take.png */; };
		3549997815223B4D0050FD53 /* camera_button_take@2x.png in Resources */ = {isa = PBXBuildFile; fileRef = 3549996C15223B4D0050FD53 /* camera_button_take@2x.png */; };
		3549997915223B4D0050FD53 /* tab_feed.png in Resources */ = {isa = PBXBuildFile; fileRef = 3549996D15223B4D0050FD53 /* tab_feed.png */; };
		3549997A15223B4D0050FD53 /* tab_feed@2x.png in Resources */ = {isa = PBXBuildFile; fileRef = 3549996E15223B4D0050FD53 /* tab_feed@2x.png */; };
		3549997B15223B4D0050FD53 /* tab_feed_profile.png in Resources */ = {isa = PBXBuildFile; fileRef = 3549996F15223B4D0050FD53 /* tab_feed_profile.png */; };
		3549997C15223B4D0050FD53 /* tab_feed_profile@2x.png in Resources */ = {isa = PBXBuildFile; fileRef = 3549997015223B4D0050FD53 /* tab_feed_profile@2x.png */; };
		3549997D15223B4D0050FD53 /* tab_live.png in Resources */ = {isa = PBXBuildFile; fileRef = 3549997115223B4D0050FD53 /* tab_live.png */; };
		3549997E15223B4D0050FD53 /* tab_live@2x.png in Resources */ = {isa = PBXBuildFile; fileRef = 3549997215223B4D0050FD53 /* tab_live@2x.png */; };
		3549997F15223B4D0050FD53 /* tab_messages.png in Resources */ = {isa = PBXBuildFile; fileRef = 3549997315223B4D0050FD53 /* tab_messages.png */; };
		3549998015223B4D0050FD53 /* tab_messages@2x.png in Resources */ = {isa = PBXBuildFile; fileRef = 3549997415223B4D0050FD53 /* tab_messages@2x.png */; };
		3549998115223B4D0050FD53 /* tabBar_cameraButton_ready_matte.png in Resources */ = {isa = PBXBuildFile; fileRef = 3549997515223B4D0050FD53 /* tabBar_cameraButton_ready_matte.png */; };
		3549998215223B4D0050FD53 /* tabBar_cameraButton_ready_matte@2x.png in Resources */ = {isa = PBXBuildFile; fileRef = 3549997615223B4D0050FD53 /* tabBar_cameraButton_ready_matte@2x.png */; };
		3549998A152241B70050FD53 /* CustomTabbarController.m in Sources */ = {isa = PBXBuildFile; fileRef = 35499989152241B60050FD53 /* CustomTabbarController.m */; };
/* End PBXBuildFile section */

/* Begin PBXFileReference section */
		354999411522367B0050FD53 /* iOSLibraries.app */ = {isa = PBXFileReference; explicitFileType = wrapper.application; includeInIndex = 0; path = iOSLibraries.app; sourceTree = BUILT_PRODUCTS_DIR; };
		354999451522367B0050FD53 /* UIKit.framework */ = {isa = PBXFileReference; lastKnownFileType = wrapper.framework; name = UIKit.framework; path = System/Library/Frameworks/UIKit.framework; sourceTree = SDKROOT; };
		354999471522367B0050FD53 /* Foundation.framework */ = {isa = PBXFileReference; lastKnownFileType = wrapper.framework; name = Foundation.framework; path = System/Library/Frameworks/Foundation.framework; sourceTree = SDKROOT; };
		354999491522367B0050FD53 /* CoreGraphics.framework */ = {isa = PBXFileReference; lastKnownFileType = wrapper.framework; name = CoreGraphics.framework; path = System/Library/Frameworks/CoreGraphics.framework; sourceTree = SDKROOT; };
		3549994D1522367B0050FD53 /* iOSLibraries-Info.plist */ = {isa = PBXFileReference; lastKnownFileType = text.plist.xml; path = "iOSLibraries-Info.plist"; sourceTree = "<group>"; };
		3549994F1522367B0050FD53 /* en */ = {isa = PBXFileReference; lastKnownFileType = text.plist.strings; name = en; path = en.lproj/InfoPlist.strings; sourceTree = "<group>"; };
		354999511522367B0050FD53 /* main.m */ = {isa = PBXFileReference; lastKnownFileType = sourcecode.c.objc; path = main.m; sourceTree = "<group>"; };
		354999531522367B0050FD53 /* iOSLibraries-Prefix.pch */ = {isa = PBXFileReference; lastKnownFileType = sourcecode.c.h; path = "iOSLibraries-Prefix.pch"; sourceTree = "<group>"; };
		354999541522367B0050FD53 /* ILAppDelegate.h */ = {isa = PBXFileReference; lastKnownFileType = sourcecode.c.h; path = ILAppDelegate.h; sourceTree = "<group>"; };
		354999551522367B0050FD53 /* ILAppDelegate.m */ = {isa = PBXFileReference; lastKnownFileType = sourcecode.c.objc; path = ILAppDelegate.m; sourceTree = "<group>"; };
		35499960152237480050FD53 /* CustomViewController.h */ = {isa = PBXFileReference; fileEncoding = 4; lastKnownFileType = sourcecode.c.h; path = CustomViewController.h; sourceTree = "<group>"; };
		35499961152237480050FD53 /* CustomViewController.m */ = {isa = PBXFileReference; fileEncoding = 4; lastKnownFileType = sourcecode.c.objc; path = CustomViewController.m; sourceTree = "<group>"; };
		35499962152237480050FD53 /* CustomViewController.xib */ = {isa = PBXFileReference; fileEncoding = 4; lastKnownFileType = file.xib; path = CustomViewController.xib; sourceTree = "<group>"; };
		3549996B15223B4D0050FD53 /* camera_button_take.png */ = {isa = PBXFileReference; lastKnownFileType = image.png; path = camera_button_take.png; sourceTree = "<group>"; };
		3549996C15223B4D0050FD53 /* camera_button_take@2x.png */ = {isa = PBXFileReference; lastKnownFileType = image.png; path = "camera_button_take@2x.png"; sourceTree = "<group>"; };
		3549996D15223B4D0050FD53 /* tab_feed.png */ = {isa = PBXFileReference; lastKnownFileType = image.png; path = tab_feed.png; sourceTree = "<group>"; };
		3549996E15223B4D0050FD53 /* tab_feed@2x.png */ = {isa = PBXFileReference; lastKnownFileType = image.png; path = "tab_feed@2x.png"; sourceTree = "<group>"; };
		3549996F15223B4D0050FD53 /* tab_feed_profile.png */ = {isa = PBXFileReference; lastKnownFileType = image.png; path = tab_feed_profile.png; sourceTree = "<group>"; };
		3549997015223B4D0050FD53 /* tab_feed_profile@2x.png */ = {isa = PBXFileReference; lastKnownFileType = image.png; path = "tab_feed_profile@2x.png"; sourceTree = "<group>"; };
		3549997115223B4D0050FD53 /* tab_live.png */ = {isa = PBXFileReference; lastKnownFileType = image.png; path = tab_live.png; sourceTree = "<group>"; };
		3549997215223B4D0050FD53 /* tab_live@2x.png */ = {isa = PBXFileReference; lastKnownFileType = image.png; path = "tab_live@2x.png"; sourceTree = "<group>"; };
		3549997315223B4D0050FD53 /* tab_messages.png */ = {isa = PBXFileReference; lastKnownFileType = image.png; path = tab_messages.png; sourceTree = "<group>"; };
		3549997415223B4D0050FD53 /* tab_messages@2x.png */ = {isa = PBXFileReference; lastKnownFileType = image.png; path = "tab_messages@2x.png"; sourceTree = "<group>"; };
		3549997515223B4D0050FD53 /* tabBar_cameraButton_ready_matte.png */ = {isa = PBXFileReference; lastKnownFileType = image.png; path = tabBar_cameraButton_ready_matte.png; sourceTree = "<group>"; };
		3549997615223B4D0050FD53 /* tabBar_cameraButton_ready_matte@2x.png */ = {isa = PBXFileReference; lastKnownFileType = image.png; path = "tabBar_cameraButton_ready_matte@2x.png"; sourceTree = "<group>"; };
		35499988152241B60050FD53 /* CustomTabbarController.h */ = {isa = PBXFileReference; fileEncoding = 4; lastKnownFileType = sourcecode.c.h; path = CustomTabbarController.h; sourceTree = "<group>"; };
		35499989152241B60050FD53 /* CustomTabbarController.m */ = {isa = PBXFileReference; fileEncoding = 4; lastKnownFileType = sourcecode.c.objc; path = CustomTabbarController.m; sourceTree = "<group>"; };
/* End PBXFileReference section */

/* Begin PBXFrameworksBuildPhase section */
		3549993E1522367B0050FD53 /* Frameworks */ = {
			isa = PBXFrameworksBuildPhase;
			buildActionMask = 2147483647;
			files = (
				354999461522367B0050FD53 /* UIKit.framework in Frameworks */,
				354999481522367B0050FD53 /* Foundation.framework in Frameworks */,
				3549994A1522367B0050FD53 /* CoreGraphics.framework in Frameworks */,
			);
			runOnlyForDeploymentPostprocessing = 0;
		};
/* End PBXFrameworksBuildPhase section */

/* Begin PBXGroup section */
		354999361522367B0050FD53 = {
			isa = PBXGroup;
			children = (
				3549994B1522367B0050FD53 /* iOSLibraries */,
				354999441522367B0050FD53 /* Frameworks */,
				354999421522367B0050FD53 /* Products */,
			);
			sourceTree = "<group>";
		};
		354999421522367B0050FD53 /* Products */ = {
			isa = PBXGroup;
			children = (
				354999411522367B0050FD53 /* iOSLibraries.app */,
			);
			name = Products;
			sourceTree = "<group>";
		};
		354999441522367B0050FD53 /* Frameworks */ = {
			isa = PBXGroup;
			children = (
				354999451522367B0050FD53 /* UIKit.framework */,
				354999471522367B0050FD53 /* Foundation.framework */,
				354999491522367B0050FD53 /* CoreGraphics.framework */,
			);
			name = Frameworks;
			sourceTree = "<group>";
		};
		3549994B1522367B0050FD53 /* iOSLibraries */ = {
			isa = PBXGroup;
			children = (
				3549996A15223B4D0050FD53 /* images */,
				3549995C152236FC0050FD53 /* view controllers */,
				354999541522367B0050FD53 /* ILAppDelegate.h */,
				354999551522367B0050FD53 /* ILAppDelegate.m */,
				3549994C1522367B0050FD53 /* Supporting Files */,
				35499988152241B60050FD53 /* CustomTabbarController.h */,
				35499989152241B60050FD53 /* CustomTabbarController.m */,
			);
			path = iOSLibraries;
			sourceTree = "<group>";
		};
		3549994C1522367B0050FD53 /* Supporting Files */ = {
			isa = PBXGroup;
			children = (
				3549994D1522367B0050FD53 /* iOSLibraries-Info.plist */,
				3549994E1522367B0050FD53 /* InfoPlist.strings */,
				354999511522367B0050FD53 /* main.m */,
				354999531522367B0050FD53 /* iOSLibraries-Prefix.pch */,
			);
			name = "Supporting Files";
			sourceTree = "<group>";
		};
		3549995C152236FC0050FD53 /* view controllers */ = {
			isa = PBXGroup;
			children = (
				35499960152237480050FD53 /* CustomViewController.h */,
				35499961152237480050FD53 /* CustomViewController.m */,
				35499962152237480050FD53 /* CustomViewController.xib */,
			);
			name = "view controllers";
			sourceTree = "<group>";
		};
		3549996A15223B4D0050FD53 /* images */ = {
			isa = PBXGroup;
			children = (
				3549996B15223B4D0050FD53 /* camera_button_take.png */,
				3549996C15223B4D0050FD53 /* camera_button_take@2x.png */,
				3549996D15223B4D0050FD53 /* tab_feed.png */,
				3549996E15223B4D0050FD53 /* tab_feed@2x.png */,
				3549996F15223B4D0050FD53 /* tab_feed_profile.png */,
				3549997015223B4D0050FD53 /* tab_feed_profile@2x.png */,
				3549997115223B4D0050FD53 /* tab_live.png */,
				3549997215223B4D0050FD53 /* tab_live@2x.png */,
				3549997315223B4D0050FD53 /* tab_messages.png */,
				3549997415223B4D0050FD53 /* tab_messages@2x.png */,
				3549997515223B4D0050FD53 /* tabBar_cameraButton_ready_matte.png */,
				3549997615223B4D0050FD53 /* tabBar_cameraButton_ready_matte@2x.png */,
			);
			path = images;
			sourceTree = "<group>";
		};
/* End PBXGroup section */

/* Begin PBXNativeTarget section */
		354999401522367B0050FD53 /* iOSLibraries */ = {
			isa = PBXNativeTarget;
			buildConfigurationList = 354999591522367B0050FD53 /* Build configuration list for PBXNativeTarget "iOSLibraries" */;
			buildPhases = (
				3549993D1522367B0050FD53 /* Sources */,
				3549993E1522367B0050FD53 /* Frameworks */,
				3549993F1522367B0050FD53 /* Resources */,
			);
			buildRules = (
			);
			dependencies = (
			);
			name = iOSLibraries;
			productName = iOSLibraries;
			productReference = 354999411522367B0050FD53 /* iOSLibraries.app */;
			productType = "com.apple.product-type.application";
		};
/* End PBXNativeTarget section */

/* Begin PBXProject section */
		354999381522367B0050FD53 /* Project object */ = {
			isa = PBXProject;
			attributes = {
				LastUpgradeCheck = 0420;
				ORGANIZATIONNAME = particulier;
			};
			buildConfigurationList = 3549993B1522367B0050FD53 /* Build configuration list for PBXProject "iOSLibraries" */;
			compatibilityVersion = "Xcode 3.2";
			developmentRegion = English;
			hasScannedForEncodings = 0;
			knownRegions = (
				en,
			);
			mainGroup = 354999361522367B0050FD53;
			productRefGroup = 354999421522367B0050FD53 /* Products */;
			projectDirPath = "";
			projectRoot = "";
			targets = (
				354999401522367B0050FD53 /* iOSLibraries */,
			);
		};
/* End PBXProject section */

/* Begin PBXResourcesBuildPhase section */
		3549993F1522367B0050FD53 /* Resources */ = {
			isa = PBXResourcesBuildPhase;
			buildActionMask = 2147483647;
			files = (
				354999501522367B0050FD53 /* InfoPlist.strings in Resources */,
				35499964152237480050FD53 /* CustomViewController.xib in Resources */,
				3549997715223B4D0050FD53 /* camera_button_take.png in Resources */,
				3549997815223B4D0050FD53 /* camera_button_take@2x.png in Resources */,
				3549997915223B4D0050FD53 /* tab_feed.png in Resources */,
				3549997A15223B4D0050FD53 /* tab_feed@2x.png in Resources */,
				3549997B15223B4D0050FD53 /* tab_feed_profile.png in Resources */,
				3549997C15223B4D0050FD53 /* tab_feed_profile@2x.png in Resources */,
				3549997D15223B4D0050FD53 /* tab_live.png in Resources */,
				3549997E15223B4D0050FD53 /* tab_live@2x.png in Resources */,
				3549997F15223B4D0050FD53 /* tab_messages.png in Resources */,
				3549998015223B4D0050FD53 /* tab_messages@2x.png in Resources */,
				3549998115223B4D0050FD53 /* tabBar_cameraButton_ready_matte.png in Resources */,
				3549998215223B4D0050FD53 /* tabBar_cameraButton_ready_matte@2x.png in Resources */,
			);
			runOnlyForDeploymentPostprocessing = 0;
		};
/* End PBXResourcesBuildPhase section */

/* Begin PBXSourcesBuildPhase section */
		3549993D1522367B0050FD53 /* Sources */ = {
			isa = PBXSourcesBuildPhase;
			buildActionMask = 2147483647;
			files = (
				354999521522367B0050FD53 /* main.m in Sources */,
				354999561522367B0050FD53 /* ILAppDelegate.m in Sources */,
				35499963152237480050FD53 /* CustomViewController.m in Sources */,
				3549998A152241B70050FD53 /* CustomTabbarController.m in Sources */,
			);
			runOnlyForDeploymentPostprocessing = 0;
		};
/* End PBXSourcesBuildPhase section */

/* Begin PBXVariantGroup section */
		3549994E1522367B0050FD53 /* InfoPlist.strings */ = {
			isa = PBXVariantGroup;
			children = (
				3549994F1522367B0050FD53 /* en */,
			);
			name = InfoPlist.strings;
			sourceTree = "<group>";
		};
/* End PBXVariantGroup section */

/* Begin XCBuildConfiguration section */
		354999571522367B0050FD53 /* Debug */ = {
			isa = XCBuildConfiguration;
			buildSettings = {
				ALWAYS_SEARCH_USER_PATHS = NO;
				ARCHS = "$(ARCHS_STANDARD_32_BIT)";
				CLANG_ENABLE_OBJC_ARC = YES;
				"CODE_SIGN_IDENTITY[sdk=iphoneos*]" = "iPhone Developer";
				COPY_PHASE_STRIP = NO;
				GCC_C_LANGUAGE_STANDARD = gnu99;
				GCC_DYNAMIC_NO_PIC = NO;
				GCC_OPTIMIZATION_LEVEL = 0;
				GCC_PREPROCESSOR_DEFINITIONS = (
					"DEBUG=1",
					"$(inherited)",
				);
				GCC_SYMBOLS_PRIVATE_EXTERN = NO;
				GCC_VERSION = com.apple.compilers.llvm.clang.1_0;
				GCC_WARN_ABOUT_MISSING_PROTOTYPES = YES;
				GCC_WARN_ABOUT_RETURN_TYPE = YES;
				GCC_WARN_UNUSED_VARIABLE = YES;
				IPHONEOS_DEPLOYMENT_TARGET = 5.0;
				SDKROOT = iphoneos;
			};
			name = Debug;
		};
		354999581522367B0050FD53 /* Release */ = {
			isa = XCBuildConfiguration;
			buildSettings = {
				ALWAYS_SEARCH_USER_PATHS = NO;
				ARCHS = "$(ARCHS_STANDARD_32_BIT)";
				CLANG_ENABLE_OBJC_ARC = YES;
				"CODE_SIGN_IDENTITY[sdk=iphoneos*]" = "iPhone Developer";
				COPY_PHASE_STRIP = YES;
				GCC_C_LANGUAGE_STANDARD = gnu99;
				GCC_VERSION = com.apple.compilers.llvm.clang.1_0;
				GCC_WARN_ABOUT_MISSING_PROTOTYPES = YES;
				GCC_WARN_ABOUT_RETURN_TYPE = YES;
				GCC_WARN_UNUSED_VARIABLE = YES;
				IPHONEOS_DEPLOYMENT_TARGET = 5.0;
				OTHER_CFLAGS = "-DNS_BLOCK_ASSERTIONS=1";
				SDKROOT = iphoneos;
				VALIDATE_PRODUCT = YES;
			};
			name = Release;
		};
		3549995A1522367B0050FD53 /* Debug */ = {
			isa = XCBuildConfiguration;
			buildSettings = {
				GCC_PRECOMPILE_PREFIX_HEADER = YES;
				GCC_PREFIX_HEADER = "iOSLibraries/iOSLibraries-Prefix.pch";
				INFOPLIST_FILE = "iOSLibraries/iOSLibraries-Info.plist";
				PRODUCT_NAME = "$(TARGET_NAME)";
				WRAPPER_EXTENSION = app;
			};
			name = Debug;
		};
		3549995B1522367B0050FD53 /* Release */ = {
			isa = XCBuildConfiguration;
			buildSettings = {
				GCC_PRECOMPILE_PREFIX_HEADER = YES;
				GCC_PREFIX_HEADER = "iOSLibraries/iOSLibraries-Prefix.pch";
				INFOPLIST_FILE = "iOSLibraries/iOSLibraries-Info.plist";
				PRODUCT_NAME = "$(TARGET_NAME)";
				WRAPPER_EXTENSION = app;
			};
			name = Release;
		};
/* End XCBuildConfiguration section */

/* Begin XCConfigurationList section */
		3549993B1522367B0050FD53 /* Build configuration list for PBXProject "iOSLibraries" */ = {
			isa = XCConfigurationList;
			buildConfigurations = (
				354999571522367B0050FD53 /* Debug */,
				354999581522367B0050FD53 /* Release */,
			);
			defaultConfigurationIsVisible = 0;
			defaultConfigurationName = Release;
		};
		354999591522367B0050FD53 /* Build configuration list for PBXNativeTarget "iOSLibraries" */ = {
			isa = XCConfigurationList;
			buildConfigurations = (
				3549995A1522367B0050FD53 /* Debug */,
				3549995B1522367B0050FD53 /* Release */,
			);
			defaultConfigurationIsVisible = 0;
			defaultConfigurationName = Release;
		};
/* End XCConfigurationList section */
	};
	rootObject = 354999381522367B0050FD53 /* Project object */;
}
